# This file is autogenerated, do not edit; changes may be undone by the next 'dep ensure'.


[[projects]]
  name = "github.com/urfave/cli"
  packages = ["."]
  revision = "cfb38830724cc34fedffe9a2a29fb54fa9169cd1"
  version = "v1.20.0"

[[projects]]
  branch = "master"
  name = "golang.org/x/tools"
  packages = [
    "container/intsets",
    "go/ast/astutil",
    "go/buildutil",
    "go/callgraph",
    "go/callgraph/cha",
    "go/callgraph/rta",
    "go/callgraph/static",
    "go/loader",
    "go/pointer",
    "go/ssa",
    "go/ssa/ssautil",
    "go/types/typeutil"
  ]
  revision = "87723262609ca8fd55d449c027454c29cadefd68"

[solve-meta]
  analyzer-name = "dep"
  analyzer-version = 1
  inputs-digest = "ac073bf14c0f1033fb58272a71c18e45b199ad438762f12659988114dfa7dbdc"
  solver-name = "gps-cdcl"
  solver-version = 1
